# This file is automatically @generated by Cargo.
# It is not intended for manual editing.
version = 3

[[package]]
name = "memuse"
version = "0.2.1"
source = "registry+https://github.com/rust-lang/crates.io-index"
checksum = "2145869435ace5ea6ea3d35f59be559317ec9a0d04e1812d5f185a87b6d36f1a"

[[package]]
name = "nova"
version = "0.2.0"
dependencies = [
 "memuse",
]
